version = 1
revision = 3
requires-python = ">=3.11"

[[package]]
name = "capstone"
version = "5.0.9"
source = { registry = "https://pypi.org/simple" }
sdist = { url = "https://files.pythonhosted.org/packages/39/01/6516910f546fbb996068207b9dd0229b14bc8dae223114d5e0e27d3cad11/capstone-5.0.9.tar.gz", hash = "sha256:0429af292ddc604d3c9344696807e281d5e728db029f00e6a4ea9e3bff1aac9e", size = 2947300, upload-time = "2026-05-28T16:05:57.968Z" }
wheels = [
    { url = "https://files.pythonhosted.org/packages/da/f3/43f4dbfc36c7740d512621a9d42b276ac21bb6ca7cb974d4c8a19060d387/capstone-5.0.9-py3-none-macosx_10_9_universal2.whl", hash = "sha256:58a874d9a6cb15122135b1385a782e5b54c8a4d9396161b6498465046d2e0442", size = 2195391, upload-time = "2026-05-28T16:05:45.515Z" },
    { url = "https://files.pythonhosted.org/packages/70/74/d00de02c62ce864c6b43796c524516ea064e3e6fc1327d452f78270e8323/capstone-5.0.9-py3-none-macosx_10_9_x86_64.whl", hash = "sha256:8c4a1d7134d7d5290e5d77066500385f2c7a4bf66835ccbfde5180042d508b3c", size = 1190392, upload-time = "2026-05-28T16:05:46.953Z" },
    { url = "https://files.pythonhosted.org/packages/42/9a/4eecfbc94961cda70301fd13de69042be1943bee456e37bc1369840601b1/capstone-5.0.9-py3-none-macosx_11_0_arm64.whl", hash = "sha256:fc269c5082e17d7f9f265cd6980e2fdc6ab572df913951d76db0357e06b8001d", size = 1202361, upload-time = "2026-05-28T16:05:48.1Z" },
    { url = "https://files.pythonhosted.org/packages/45/d9/dbeadb9fcd461e608ce79b1cb647fed6baa812fa6e1c68b0ba5ef81291af/capstone-5.0.9-py3-none-manylinux_2_17_aarch64.manylinux2014_aarch64.whl", hash = "sha256:41772ad0c71aa5d3e97d541e802593c2e71fb94ac7e20d4202f97ce2a3eb8ed5", size = 1461016, upload-time = "2026-05-28T16:05:49.554Z" },
    { url = "https://files.pythonhosted.org/packages/d1/39/17747862222bb062e86b501f1f148d5ff589b77908b080d30f7f085cbfb7/capstone-5.0.9-py3-none-manylinux_2_17_x86_64.manylinux2014_x86_64.whl", hash = "sha256:273fd8d747d2e35c88f91450be51a603ecfaafb00d96d9f315dcb8689c86193e", size = 1485316, upload-time = "2026-05-28T16:05:50.721Z" },
    { url = "https://files.pythonhosted.org/packages/12/56/9a694f60f5b26612039d975c1c84d2ad8fd0ad839b0b1058dbe68dd32b0b/capstone-5.0.9-py3-none-manylinux_2_5_i686.manylinux1_i686.manylinux_2_17_i686.manylinux2014_i686.whl", hash = "sha256:1f5871b57e987d5bf23b531fbe868211b74ad750fa9b830a3d3cdc4956bc0ae3", size = 1483221, upload-time = "2026-05-28T16:05:51.925Z" },
    { url = "https://files.pythonhosted.org/packages/b9/74/c178ac241892bb3668b633065bdbe6dc719c2aa54668d68a8e23a6753525/capstone-5.0.9-py3-none-musllinux_1_2_aarch64.whl", hash = "sha256:69064219c814ad64af35469a7c4ddd19b730cacb96a1a796435ccde0e1567d05", size = 1459140, upload-time = "2026-05-28T16:05:53.182Z" },
    { url = "https://files.pythonhosted.org/packages/7b/f3/3865a0371603994f8bf521595b3072080bfe1b715f8bd080988d026dd2a1/capstone-5.0.9-py3-none-musllinux_1_2_i686.whl", hash = "sha256:0cc3b1ec319ab0530efc6b181491b77dd3373c81b6dbcf2f05a80e3d8dd61d5e", size = 1488205, upload-time = "2026-05-28T16:05:54.31Z" },
    { url = "https://files.pythonhosted.org/packages/09/a1/39a575aa27a35b43b0ad93065a1803dba39038060eccfb29031d82e3fb2c/capstone-5.0.9-py3-none-musllinux_1_2_x86_64.whl", hash = "sha256:cfec34e6e01472fe60850c87c5bea9918c274fa2a605b510e6489bf87c0c9960", size = 1488865, upload-time = "2026-05-28T16:05:55.603Z" },
    { url = "https://files.pythonhosted.org/packages/50/e6/6f06fdb6a9ed32b2f7cd9c036b92d5324112c3ef7080f2c71efc367d40dd/capstone-5.0.9-py3-none-win_amd64.whl", hash = "sha256:732cedbbb56d42e723f14d7af6387f1454194a820b4b96b56d1e53f865ef85d0", size = 1273459, upload-time = "2026-05-28T16:05:56.73Z" },
]

[[package]]
name = "concord"
version = "0.0.0"
source = { editable = "." }
dependencies = [
    { name = "capstone" },
    { name = "pyelftools" },
]

[package.metadata]
requires-dist = [
    { name = "capstone", specifier = ">=5.0.9" },
    { name = "pyelftools", specifier = ">=0.33" },
]

[[package]]
name = "pyelftools"
version = "0.33"
source = { registry = "https://pypi.org/simple" }
sdist = { url = "https://files.pythonhosted.org/packages/a3/11/767522582afab1b884d277de0e6e011640cb9d7292a38694b4b1a1df1ae8/pyelftools-0.33.tar.gz", hash = "sha256:660d82dcbeb8e83d1702bd97f223f761625da06111c0cc988eac6b8ab0c1b61f", size = 15068655, upload-time = "2026-05-29T12:56:22.553Z" }
wheels = [
    { url = "https://files.pythonhosted.org/packages/46/2a/f9697576603dae937727827505a6126a066affb227034e77e6f9068910da/pyelftools-0.33-py3-none-any.whl", hash = "sha256:f215ad5f47d3f1373a21496a6c9e0707c622840d0622f23ff7ce08678b020036", size = 201178, upload-time = "2026-05-29T12:56:20.587Z" },
]
